// !$*UTF8*$!
{
	archiveVersion = 1;
	classes = {
	};
	objectVersion = 50;
	objects = {

/* Begin PBXBuildFile section */
		FA42C6AD25D5B40D003000D6 /* AppDelegate.swift in Sources */ = {isa = PBXBuildFile; fileRef = FA42C6AC25D5B40D003000D6 /* AppDelegate.swift */; };
		FA42C6AF25D5B40D003000D6 /* SceneDelegate.swift in Sources */ = {isa = PBXBuildFile; fileRef = FA42C6AE25D5B40D003000D6 /* SceneDelegate.swift */; };
		FA42C6B425D5B40D003000D6 /* Main.storyboard in Resources */ = {isa = PBXBuildFile; fileRef = FA42C6B225D5B40D003000D6 /* Main.storyboard */; };
		FA42C6B625D5B410003000D6 /* Assets.xcassets in Resources */ = {isa = PBXBuildFile; fileRef = FA42C6B525D5B410003000D6 /* Assets.xcassets */; };
		FA42C6B925D5B410003000D6 /* LaunchScreen.storyboard in Resources */ = {isa = PBXBuildFile; fileRef = FA42C6B725D5B410003000D6 /* LaunchScreen.storyboard */; };
		FA42C6CF25D5C078003000D6 /* Direction.swift in Sources */ = {isa = PBXBuildFile; fileRef = FA42C6CE25D5C078003000D6 /* Direction.swift */; };
		FA42C6D525D5C1C3003000D6 /* VendorsAndClients.xcdatamodeld in Sources */ = {isa = PBXBuildFile; fileRef = FA42C6D325D5C1C3003000D6 /* VendorsAndClients.xcdatamodeld */; };
		FA42C6D825D5C2FD003000D6 /* CoreDataStack.swift in Sources */ = {isa = PBXBuildFile; fileRef = FA42C6D725D5C2FD003000D6 /* CoreDataStack.swift */; };
		FA42C6DC25D5C3B2003000D6 /* UsersController.swift in Sources */ = {isa = PBXBuildFile; fileRef = FA42C6DB25D5C3B2003000D6 /* UsersController.swift */; };
		FA42C6DF25D5C551003000D6 /* Client+Convenience.swift in Sources */ = {isa = PBXBuildFile; fileRef = FA42C6DE25D5C551003000D6 /* Client+Convenience.swift */; };
		FA42C6E225D5C685003000D6 /* Vendor+Convenience.swift in Sources */ = {isa = PBXBuildFile; fileRef = FA42C6E125D5C685003000D6 /* Vendor+Convenience.swift */; };
		FABB57C425D6BAD50070D9D8 /* DashboardTableViewController.swift in Sources */ = {isa = PBXBuildFile; fileRef = FABB57C325D6BAD50070D9D8 /* DashboardTableViewController.swift */; };
		FABB57CB25D6C5A90070D9D8 /* UserType.swift in Sources */ = {isa = PBXBuildFile; fileRef = FABB57CA25D6C5A90070D9D8 /* UserType.swift */; };
		FACD534B25D6EB040042BAE2 /* NewUserViewController.swift in Sources */ = {isa = PBXBuildFile; fileRef = FACD534A25D6EB040042BAE2 /* NewUserViewController.swift */; };
		FACD534E25D6F66E0042BAE2 /* DataTransfer+Convenience.swift in Sources */ = {isa = PBXBuildFile; fileRef = FACD534D25D6F66E0042BAE2 /* DataTransfer+Convenience.swift */; };
		FACD535325D70C180042BAE2 /* DataTransferController.swift in Sources */ = {isa = PBXBuildFile; fileRef = FACD535225D70C170042BAE2 /* DataTransferController.swift */; };
		FACD536625D7177F0042BAE2 /* ClientListTableViewController.swift in Sources */ = {isa = PBXBuildFile; fileRef = FACD536525D7177F0042BAE2 /* ClientListTableViewController.swift */; };
		FACD536925D717890042BAE2 /* VendorListTableViewController.swift in Sources */ = {isa = PBXBuildFile; fileRef = FACD536825D717890042BAE2 /* VendorListTableViewController.swift */; };
		FACD536F25D724C60042BAE2 /* ClientTableViewController.swift in Sources */ = {isa = PBXBuildFile; fileRef = FACD536E25D724C60042BAE2 /* ClientTableViewController.swift */; };
		FACD537225D724D00042BAE2 /* VendorTableViewController.swift in Sources */ = {isa = PBXBuildFile; fileRef = FACD537125D724CF0042BAE2 /* VendorTableViewController.swift */; };
		FACD537525D743300042BAE2 /* ScheduleClientTransferTableViewController.swift in Sources */ = {isa = PBXBuildFile; fileRef = FACD537425D743300042BAE2 /* ScheduleClientTransferTableViewController.swift */; };
/* End PBXBuildFile section */

/* Begin PBXFileReference section */
		FA42C6A925D5B40D003000D6 /* Vendors and Clients.app */ = {isa = PBXFileReference; explicitFileType = wrapper.application; includeInIndex = 0; path = "Vendors and Clients.app"; sourceTree = BUILT_PRODUCTS_DIR; };
		FA42C6AC25D5B40D003000D6 /* AppDelegate.swift */ = {isa = PBXFileReference; lastKnownFileType = sourcecode.swift; path = AppDelegate.swift; sourceTree = "<group>"; };
		FA42C6AE25D5B40D003000D6 /* SceneDelegate.swift */ = {isa = PBXFileReference; lastKnownFileType = sourcecode.swift; path = SceneDelegate.swift; sourceTree = "<group>"; };
		FA42C6B325D5B40D003000D6 /* Base */ = {isa = PBXFileReference; lastKnownFileType = file.storyboard; name = Base; path = Base.lproj/Main.storyboard; sourceTree = "<group>"; };
		FA42C6B525D5B410003000D6 /* Assets.xcassets */ = {isa = PBXFileReference; lastKnownFileType = folder.assetcatalog; path = Assets.xcassets; sourceTree = "<group>"; };
		FA42C6B825D5B410003000D6 /* Base */ = {isa = PBXFileReference; lastKnownFileType = file.storyboard; name = Base; path = Base.lproj/LaunchScreen.storyboard; sourceTree = "<group>"; };
		FA42C6BA25D5B410003000D6 /* Info.plist */ = {isa = PBXFileReference; lastKnownFileType = text.plist.xml; path = Info.plist; sourceTree = "<group>"; };
		FA42C6CE25D5C078003000D6 /* Direction.swift */ = {isa = PBXFileReference; lastKnownFileType = sourcecode.swift; path = Direction.swift; sourceTree = "<group>"; };
		FA42C6D425D5C1C3003000D6 /* VendorsAndClients.xcdatamodel */ = {isa = PBXFileReference; lastKnownFileType = wrapper.xcdatamodel; path = VendorsAndClients.xcdatamodel; sourceTree = "<group>"; };
		FA42C6D725D5C2FD003000D6 /* CoreDataStack.swift */ = {isa = PBXFileReference; lastKnownFileType = sourcecode.swift; path = CoreDataStack.swift; sourceTree = "<group>"; };
		FA42C6DB25D5C3B2003000D6 /* UsersController.swift */ = {isa = PBXFileReference; lastKnownFileType = sourcecode.swift; path = UsersController.swift; sourceTree = "<group>"; };
		FA42C6DE25D5C551003000D6 /* Client+Convenience.swift */ = {isa = PBXFileReference; lastKnownFileType = sourcecode.swift; path = "Client+Convenience.swift"; sourceTree = "<group>"; };
		FA42C6E125D5C685003000D6 /* Vendor+Convenience.swift */ = {isa = PBXFileReference; lastKnownFileType = sourcecode.swift; path = "Vendor+Convenience.swift"; sourceTree = "<group>"; };
		FABB57C325D6BAD50070D9D8 /* DashboardTableViewController.swift */ = {isa = PBXFileReference; lastKnownFileType = sourcecode.swift; path = DashboardTableViewController.swift; sourceTree = "<group>"; };
		FABB57CA25D6C5A90070D9D8 /* UserType.swift */ = {isa = PBXFileReference; lastKnownFileType = sourcecode.swift; path = UserType.swift; sourceTree = "<group>"; };
		FACD534A25D6EB040042BAE2 /* NewUserViewController.swift */ = {isa = PBXFileReference; lastKnownFileType = sourcecode.swift; path = NewUserViewController.swift; sourceTree = "<group>"; };
		FACD534D25D6F66E0042BAE2 /* DataTransfer+Convenience.swift */ = {isa = PBXFileReference; lastKnownFileType = sourcecode.swift; path = "DataTransfer+Convenience.swift"; sourceTree = "<group>"; };
		FACD535225D70C170042BAE2 /* DataTransferController.swift */ = {isa = PBXFileReference; lastKnownFileType = sourcecode.swift; path = DataTransferController.swift; sourceTree = "<group>"; };
		FACD536525D7177F0042BAE2 /* ClientListTableViewController.swift */ = {isa = PBXFileReference; lastKnownFileType = sourcecode.swift; path = ClientListTableViewController.swift; sourceTree = "<group>"; };
		FACD536825D717890042BAE2 /* VendorListTableViewController.swift */ = {isa = PBXFileReference; lastKnownFileType = sourcecode.swift; path = VendorListTableViewController.swift; sourceTree = "<group>"; };
		FACD536E25D724C60042BAE2 /* ClientTableViewController.swift */ = {isa = PBXFileReference; lastKnownFileType = sourcecode.swift; path = ClientTableViewController.swift; sourceTree = "<group>"; };
		FACD537125D724CF0042BAE2 /* VendorTableViewController.swift */ = {isa = PBXFileReference; lastKnownFileType = sourcecode.swift; path = VendorTableViewController.swift; sourceTree = "<group>"; };
		FACD537425D743300042BAE2 /* ScheduleClientTransferTableViewController.swift */ = {isa = PBXFileReference; lastKnownFileType = sourcecode.swift; path = ScheduleClientTransferTableViewController.swift; sourceTree = "<group>"; };
/* End PBXFileReference section */

/* Begin PBXFrameworksBuildPhase section */
		FA42C6A625D5B40D003000D6 /* Frameworks */ = {
			isa = PBXFrameworksBuildPhase;
			buildActionMask = 2147483647;
			files = (
			);
			runOnlyForDeploymentPostprocessing = 0;
		};
/* End PBXFrameworksBuildPhase section */

/* Begin PBXGroup section */
		FA42C6A025D5B40D003000D6 = {
			isa = PBXGroup;
			children = (
				FA42C6C225D5B424003000D6 /* Storyboards */,
				FABB57BD25D6BA810070D9D8 /* View Controllers */,
				FA42C6DA25D5C395003000D6 /* Controllers */,
				FA42C6C525D5B536003000D6 /* Models */,
				FA42C6CC25D5C02C003000D6 /* Helpers */,
				FA42C6AB25D5B40D003000D6 /* Vendors and Clients */,
				FA42C6AA25D5B40D003000D6 /* Products */,
			);
			sourceTree = "<group>";
		};
		FA42C6AA25D5B40D003000D6 /* Products */ = {
			isa = PBXGroup;
			children = (
				FA42C6A925D5B40D003000D6 /* Vendors and Clients.app */,
			);
			name = Products;
			sourceTree = "<group>";
		};
		FA42C6AB25D5B40D003000D6 /* Vendors and Clients */ = {
			isa = PBXGroup;
			children = (
				FA42C6AC25D5B40D003000D6 /* AppDelegate.swift */,
				FA42C6AE25D5B40D003000D6 /* SceneDelegate.swift */,
				FA42C6B525D5B410003000D6 /* Assets.xcassets */,
				FA42C6BA25D5B410003000D6 /* Info.plist */,
			);
			path = "Vendors and Clients";
			sourceTree = "<group>";
		};
		FA42C6C225D5B424003000D6 /* Storyboards */ = {
			isa = PBXGroup;
			children = (
				FA42C6B225D5B40D003000D6 /* Main.storyboard */,
				FA42C6B725D5B410003000D6 /* LaunchScreen.storyboard */,
			);
			path = Storyboards;
			sourceTree = "<group>";
		};
		FA42C6C525D5B536003000D6 /* Models */ = {
			isa = PBXGroup;
			children = (
				FA42C6D325D5C1C3003000D6 /* VendorsAndClients.xcdatamodeld */,
				FA42C6DE25D5C551003000D6 /* Client+Convenience.swift */,
				FA42C6E125D5C685003000D6 /* Vendor+Convenience.swift */,
				FACD534D25D6F66E0042BAE2 /* DataTransfer+Convenience.swift */,
			);
			path = Models;
			sourceTree = "<group>";
		};
		FA42C6CC25D5C02C003000D6 /* Helpers */ = {
			isa = PBXGroup;
			children = (
				FA42C6CE25D5C078003000D6 /* Direction.swift */,
				FA42C6D725D5C2FD003000D6 /* CoreDataStack.swift */,
				FABB57CA25D6C5A90070D9D8 /* UserType.swift */,
			);
			path = Helpers;
			sourceTree = "<group>";
		};
		FA42C6DA25D5C395003000D6 /* Controllers */ = {
			isa = PBXGroup;
			children = (
				FA42C6DB25D5C3B2003000D6 /* UsersController.swift */,
				FACD535225D70C170042BAE2 /* DataTransferController.swift */,
			);
			path = Controllers;
			sourceTree = "<group>";
		};
		FABB57BD25D6BA810070D9D8 /* View Controllers */ = {
			isa = PBXGroup;
			children = (
				FABB57C325D6BAD50070D9D8 /* DashboardTableViewController.swift */,
				FACD534A25D6EB040042BAE2 /* NewUserViewController.swift */,
				FACD537825D749C20042BAE2 /* Vendor Side */,
				FACD537725D749B70042BAE2 /* Client Side */,
			);
			path = "View Controllers";
			sourceTree = "<group>";
		};
		FACD537725D749B70042BAE2 /* Client Side */ = {
			isa = PBXGroup;
			children = (
				FACD536525D7177F0042BAE2 /* ClientListTableViewController.swift */,
				FACD536E25D724C60042BAE2 /* ClientTableViewController.swift */,
				FACD537425D743300042BAE2 /* ScheduleClientTransferTableViewController.swift */,
			);
			path = "Client Side";
			sourceTree = "<group>";
		};
		FACD537825D749C20042BAE2 /* Vendor Side */ = {
			isa = PBXGroup;
			children = (
				FACD537125D724CF0042BAE2 /* VendorTableViewController.swift */,
				FACD536825D717890042BAE2 /* VendorListTableViewController.swift */,
			);
			path = "Vendor Side";
			sourceTree = "<group>";
		};
/* End PBXGroup section */

/* Begin PBXNativeTarget section */
		FA42C6A825D5B40D003000D6 /* Vendors and Clients */ = {
			isa = PBXNativeTarget;
			buildConfigurationList = FA42C6BD25D5B410003000D6 /* Build configuration list for PBXNativeTarget "Vendors and Clients" */;
			buildPhases = (
				FA42C6A525D5B40D003000D6 /* Sources */,
				FA42C6A625D5B40D003000D6 /* Frameworks */,
				FA42C6A725D5B40D003000D6 /* Resources */,
			);
			buildRules = (
			);
			dependencies = (
			);
			name = "Vendors and Clients";
			productName = "Vendors and Clients";
			productReference = FA42C6A925D5B40D003000D6 /* Vendors and Clients.app */;
			productType = "com.apple.product-type.application";
		};
/* End PBXNativeTarget section */

/* Begin PBXProject section */
		FA42C6A125D5B40D003000D6 /* Project object */ = {
			isa = PBXProject;
			attributes = {
				LastSwiftUpdateCheck = 1240;
				LastUpgradeCheck = 1240;
				TargetAttributes = {
					FA42C6A825D5B40D003000D6 = {
						CreatedOnToolsVersion = 12.4;
					};
				};
			};
			buildConfigurationList = FA42C6A425D5B40D003000D6 /* Build configuration list for PBXProject "Vendors and Clients" */;
			compatibilityVersion = "Xcode 9.3";
			developmentRegion = en;
			hasScannedForEncodings = 0;
			knownRegions = (
				en,
				Base,
			);
			mainGroup = FA42C6A025D5B40D003000D6;
			productRefGroup = FA42C6AA25D5B40D003000D6 /* Products */;
			projectDirPath = "";
			projectRoot = "";
			targets = (
				FA42C6A825D5B40D003000D6 /* Vendors and Clients */,
			);
		};
/* End PBXProject section */

/* Begin PBXResourcesBuildPhase section */
		FA42C6A725D5B40D003000D6 /* Resources */ = {
			isa = PBXResourcesBuildPhase;
			buildActionMask = 2147483647;
			files = (
				FA42C6B925D5B410003000D6 /* LaunchScreen.storyboard in Resources */,
				FA42C6B625D5B410003000D6 /* Assets.xcassets in Resources */,
				FA42C6B425D5B40D003000D6 /* Main.storyboard in Resources */,
			);
			runOnlyForDeploymentPostprocessing = 0;
		};
/* End PBXResourcesBuildPhase section */

/* Begin PBXSourcesBuildPhase section */
		FA42C6A525D5B40D003000D6 /* Sources */ = {
			isa = PBXSourcesBuildPhase;
			buildActionMask = 2147483647;
			files = (
				FACD536F25D724C60042BAE2 /* ClientTableViewController.swift in Sources */,
				FA42C6D825D5C2FD003000D6 /* CoreDataStack.swift in Sources */,
				FACD537525D743300042BAE2 /* ScheduleClientTransferTableViewController.swift in Sources */,
				FACD534B25D6EB040042BAE2 /* NewUserViewController.swift in Sources */,
				FABB57CB25D6C5A90070D9D8 /* UserType.swift in Sources */,
				FA42C6E225D5C685003000D6 /* Vendor+Convenience.swift in Sources */,
				FA42C6D525D5C1C3003000D6 /* VendorsAndClients.xcdatamodeld in Sources */,
				FA42C6DC25D5C3B2003000D6 /* UsersController.swift in Sources */,
				FACD535325D70C180042BAE2 /* DataTransferController.swift in Sources */,
				FACD536625D7177F0042BAE2 /* ClientListTableViewController.swift in Sources */,
				FA42C6DF25D5C551003000D6 /* Client+Convenience.swift in Sources */,
				FACD534E25D6F66E0042BAE2 /* DataTransfer+Convenience.swift in Sources */,
				FA42C6AD25D5B40D003000D6 /* AppDelegate.swift in Sources */,
				FA42C6AF25D5B40D003000D6 /* SceneDelegate.swift in Sources */,
				FABB57C425D6BAD50070D9D8 /* DashboardTableViewController.swift in Sources */,
				FA42C6CF25D5C078003000D6 /* Direction.swift in Sources */,
				FACD537225D724D00042BAE2 /* VendorTableViewController.swift in Sources */,
				FACD536925D717890042BAE2 /* VendorListTableViewController.swift in Sources */,
			);
			runOnlyForDeploymentPostprocessing = 0;
		};
/* End PBXSourcesBuildPhase section */

/* Begin PBXVariantGroup section */
		FA42C6B225D5B40D003000D6 /* Main.storyboard */ = {
			isa = PBXVariantGroup;
			children = (
				FA42C6B325D5B40D003000D6 /* Base */,
			);
			name = Main.storyboard;
			sourceTree = "<group>";
		};
		FA42C6B725D5B410003000D6 /* LaunchScreen.storyboard */ = {
			isa = PBXVariantGroup;
			children = (
				FA42C6B825D5B410003000D6 /* Base */,
			);
			name = LaunchScreen.storyboard;
			sourceTree = "<group>";
		};
/* End PBXVariantGroup section */

/* Begin XCBuildConfiguration section */
		FA42C6BB25D5B410003000D6 /* Debug */ = {
			isa = XCBuildConfiguration;
			buildSettings = {
				ALWAYS_SEARCH_USER_PATHS = NO;
				CLANG_ANALYZER_NONNULL = YES;
				CLANG_ANALYZER_NUMBER_OBJECT_CONVERSION = YES_AGGRESSIVE;
				CLANG_CXX_LANGUAGE_STANDARD = "gnu++14";
				CLANG_CXX_LIBRARY = "libc++";
				CLANG_ENABLE_MODULES = YES;
				CLANG_ENABLE_OBJC_ARC = YES;
				CLANG_ENABLE_OBJC_WEAK = YES;
				CLANG_WARN_BLOCK_CAPTURE_AUTORELEASING = YES;
				CLANG_WARN_BOOL_CONVERSION = YES;
				CLANG_WARN_COMMA = YES;
				CLANG_WARN_CONSTANT_CONVERSION = YES;
				CLANG_WARN_DEPRECATED_OBJC_IMPLEMENTATIONS = YES;
				CLANG_WARN_DIRECT_OBJC_ISA_USAGE = YES_ERROR;
				CLANG_WARN_DOCUMENTATION_COMMENTS = YES;
				CLANG_WARN_EMPTY_BODY = YES;
				CLANG_WARN_ENUM_CONVERSION = YES;
				CLANG_WARN_INFINITE_RECURSION = YES;
				CLANG_WARN_INT_CONVERSION = YES;
				CLANG_WARN_NON_LITERAL_NULL_CONVERSION = YES;
				CLANG_WARN_OBJC_IMPLICIT_RETAIN_SELF = YES;
				CLANG_WARN_OBJC_LITERAL_CONVERSION = YES;
				CLANG_WARN_OBJC_ROOT_CLASS = YES_ERROR;
				CLANG_WARN_QUOTED_INCLUDE_IN_FRAMEWORK_HEADER = YES;
				CLANG_WARN_RANGE_LOOP_ANALYSIS = YES;
				CLANG_WARN_STRICT_PROTOTYPES = YES;
				CLANG_WARN_SUSPICIOUS_MOVE = YES;
				CLANG_WARN_UNGUARDED_AVAILABILITY = YES_AGGRESSIVE;
				CLANG_WARN_UNREACHABLE_CODE = YES;
				CLANG_WARN__DUPLICATE_METHOD_MATCH = YES;
				COPY_PHASE_STRIP = NO;
				DEBUG_INFORMATION_FORMAT = dwarf;
				ENABLE_STRICT_OBJC_MSGSEND = YES;
				ENABLE_TESTABILITY = YES;
				GCC_C_LANGUAGE_STANDARD = gnu11;
				GCC_DYNAMIC_NO_PIC = NO;
				GCC_NO_COMMON_BLOCKS = YES;
				GCC_OPTIMIZATION_LEVEL = 0;
				GCC_PREPROCESSOR_DEFINITIONS = (
					"DEBUG=1",
					"$(inherited)",
				);
				GCC_WARN_64_TO_32_BIT_CONVERSION = YES;
				GCC_WARN_ABOUT_RETURN_TYPE = YES_ERROR;
				GCC_WARN_UNDECLARED_SELECTOR = YES;
				GCC_WARN_UNINITIALIZED_AUTOS = YES_AGGRESSIVE;
				GCC_WARN_UNUSED_FUNCTION = YES;
				GCC_WARN_UNUSED_VARIABLE = YES;
				IPHONEOS_DEPLOYMENT_TARGET = 14.4;
				MTL_ENABLE_DEBUG_INFO = INCLUDE_SOURCE;
				MTL_FAST_MATH = YES;
				ONLY_ACTIVE_ARCH = YES;
				SDKROOT = iphoneos;
				SWIFT_ACTIVE_COMPILATION_CONDITIONS = DEBUG;
				SWIFT_OPTIMIZATION_LEVEL = "-Onone";
			};
			name = Debug;
		};
		FA42C6BC25D5B410003000D6 /* Release */ = {
			isa = XCBuildConfiguration;
			buildSettings = {
				ALWAYS_SEARCH_USER_PATHS = NO;
				CLANG_ANALYZER_NONNULL = YES;
				CLANG_ANALYZER_NUMBER_OBJECT_CONVERSION = YES_AGGRESSIVE;
				CLANG_CXX_LANGUAGE_STANDARD = "gnu++14";
				CLANG_CXX_LIBRARY = "libc++";
				CLANG_ENABLE_MODULES = YES;
				CLANG_ENABLE_OBJC_ARC = YES;
				CLANG_ENABLE_OBJC_WEAK = YES;
				CLANG_WARN_BLOCK_CAPTURE_AUTORELEASING = YES;
				CLANG_WARN_BOOL_CONVERSION = YES;
				CLANG_WARN_COMMA = YES;
				CLANG_WARN_CONSTANT_CONVERSION = YES;
				CLANG_WARN_DEPRECATED_OBJC_IMPLEMENTATIONS = YES;
				CLANG_WARN_DIRECT_OBJC_ISA_USAGE = YES_ERROR;
				CLANG_WARN_DOCUMENTATION_COMMENTS = YES;
				CLANG_WARN_EMPTY_BODY = YES;
				CLANG_WARN_ENUM_CONVERSION = YES;
				CLANG_WARN_INFINITE_RECURSION = YES;
				CLANG_WARN_INT_CONVERSION = YES;
				CLANG_WARN_NON_LITERAL_NULL_CONVERSION = YES;
				CLANG_WARN_OBJC_IMPLICIT_RETAIN_SELF = YES;
				CLANG_WARN_OBJC_LITERAL_CONVERSION = YES;
				CLANG_WARN_OBJC_ROOT_CLASS = YES_ERROR;
				CLANG_WARN_QUOTED_INCLUDE_IN_FRAMEWORK_HEADER = YES;
				CLANG_WARN_RANGE_LOOP_ANALYSIS = YES;
				CLANG_WARN_STRICT_PROTOTYPES = YES;
				CLANG_WARN_SUSPICIOUS_MOVE = YES;
				CLANG_WARN_UNGUARDED_AVAILABILITY = YES_AGGRESSIVE;
				CLANG_WARN_UNREACHABLE_CODE = YES;
				CLANG_WARN__DUPLICATE_METHOD_MATCH = YES;
				COPY_PHASE_STRIP = NO;
				DEBUG_INFORMATION_FORMAT = "dwarf-with-dsym";
				ENABLE_NS_ASSERTIONS = NO;
				ENABLE_STRICT_OBJC_MSGSEND = YES;
				GCC_C_LANGUAGE_STANDARD = gnu11;
				GCC_NO_COMMON_BLOCKS = YES;
				GCC_WARN_64_TO_32_BIT_CONVERSION = YES;
				GCC_WARN_ABOUT_RETURN_TYPE = YES_ERROR;
				GCC_WARN_UNDECLARED_SELECTOR = YES;
				GCC_WARN_UNINITIALIZED_AUTOS = YES_AGGRESSIVE;
				GCC_WARN_UNUSED_FUNCTION = YES;
				GCC_WARN_UNUSED_VARIABLE = YES;
				IPHONEOS_DEPLOYMENT_TARGET = 14.4;
				MTL_ENABLE_DEBUG_INFO = NO;
				MTL_FAST_MATH = YES;
				SDKROOT = iphoneos;
				SWIFT_COMPILATION_MODE = wholemodule;
				SWIFT_OPTIMIZATION_LEVEL = "-O";
				VALIDATE_PRODUCT = YES;
			};
			name = Release;
		};
		FA42C6BE25D5B410003000D6 /* Debug */ = {
			isa = XCBuildConfiguration;
			buildSettings = {
				ASSETCATALOG_COMPILER_APPICON_NAME = AppIcon;
				ASSETCATALOG_COMPILER_GLOBAL_ACCENT_COLOR_NAME = AccentColor;
				CODE_SIGN_STYLE = Automatic;
				DEVELOPMENT_TEAM = YQ69KMC87V;
				INFOPLIST_FILE = "Vendors and Clients/Info.plist";
				LD_RUNPATH_SEARCH_PATHS = (
					"$(inherited)",
					"@executable_path/Frameworks",
				);
				PRODUCT_BUNDLE_IDENTIFIER = "com.wilmarodriguez.Vendors-and-Clients";
				PRODUCT_NAME = "$(TARGET_NAME)";
				SWIFT_VERSION = 5.0;
				TARGETED_DEVICE_FAMILY = "1,2";
			};
			name = Debug;
		};
		FA42C6BF25D5B410003000D6 /* Release */ = {
			isa = XCBuildConfiguration;
			buildSettings = {
				ASSETCATALOG_COMPILER_APPICON_NAME = AppIcon;
				ASSETCATALOG_COMPILER_GLOBAL_ACCENT_COLOR_NAME = AccentColor;
				CODE_SIGN_STYLE = Automatic;
				DEVELOPMENT_TEAM = YQ69KMC87V;
				INFOPLIST_FILE = "Vendors and Clients/Info.plist";
				LD_RUNPATH_SEARCH_PATHS = (
					"$(inherited)",
					"@executable_path/Frameworks",
				);
				PRODUCT_BUNDLE_IDENTIFIER = "com.wilmarodriguez.Vendors-and-Clients";
				PRODUCT_NAME = "$(TARGET_NAME)";
				SWIFT_VERSION = 5.0;
				TARGETED_DEVICE_FAMILY = "1,2";
			};
			name = Release;
		};
/* End XCBuildConfiguration section */

/* Begin XCConfigurationList section */
		FA42C6A425D5B40D003000D6 /* Build configuration list for PBXProject "Vendors and Clients" */ = {
			isa = XCConfigurationList;
			buildConfigurations = (
				FA42C6BB25D5B410003000D6 /* Debug */,
				FA42C6BC25D5B410003000D6 /* Release */,
			);
			defaultConfigurationIsVisible = 0;
			defaultConfigurationName = Release;
		};
		FA42C6BD25D5B410003000D6 /* Build configuration list for PBXNativeTarget "Vendors and Clients" */ = {
			isa = XCConfigurationList;
			buildConfigurations = (
				FA42C6BE25D5B410003000D6 /* Debug */,
				FA42C6BF25D5B410003000D6 /* Release */,
			);
			defaultConfigurationIsVisible = 0;
			defaultConfigurationName = Release;
		};
/* End XCConfigurationList section */

/* Begin XCVersionGroup section */
		FA42C6D325D5C1C3003000D6 /* VendorsAndClients.xcdatamodeld */ = {
			isa = XCVersionGroup;
			children = (
				FA42C6D425D5C1C3003000D6 /* VendorsAndClients.xcdatamodel */,
			);
			currentVersion = FA42C6D425D5C1C3003000D6 /* VendorsAndClients.xcdatamodel */;
			path = VendorsAndClients.xcdatamodeld;
			sourceTree = "<group>";
			versionGroupType = wrapper.xcdatamodel;
		};
/* End XCVersionGroup section */
	};
	rootObject = FA42C6A125D5B40D003000D6 /* Project object */;
}
